
Microsoft Visual Studio Solution File, Format Version 12.00
# Visual Studio Version 16
VisualStudioVersion = 16.0.28803.202
MinimumVisualStudioVersion = 10.0.40219.1
Project("{FAE04EC0-301F-11D3-BF4B-00C04F79EFBC}") = "ToHealth", "ToHealth\ToHealth.csproj", "{CD98CDD5-4E04-4924-B8EA-FBD07CBBFBD2}"
EndProject
Global
	GlobalSection(SolutionConfigurationPlatforms) = preSolution
		Debug|Any CPU = Debug|Any CPU
		Release|Any CPU = Release|Any CPU
	EndGlobalSection
	GlobalSection(ProjectConfigurationPlatforms) = postSolution
		{CD98CDD5-4E04-4924-B8EA-FBD07CBBFBD2}.Debug|Any CPU.ActiveCfg = Debug|Any CPU
		{CD98CDD5-4E04-4924-B8EA-FBD07CBBFBD2}.Debug|Any CPU.Build.0 = Debug|Any CPU
		{CD98CDD5-4E04-4924-B8EA-FBD07CBBFBD2}.Release|Any CPU.ActiveCfg = Release|Any CPU
		{CD98CDD5-4E04-4924-B8EA-FBD07CBBFBD2}.Release|Any CPU.Build.0 = Release|Any CPU
	EndGlobalSection
	GlobalSection(SolutionProperties) = preSolution
		HideSolutionNode = FALSE
	EndGlobalSection
	GlobalSection(ExtensibilityGlobals) = postSolution
		SolutionGuid = {75C62BB7-3445-440F-A7B3-01A95167A046}
	EndGlobalSection
EndGlobal
